
Microsoft Visual Studio Solution File, Format Version 12.00
# Visual Studio Version 17
VisualStudioVersion = 17.14.36221.1 d17.14
MinimumVisualStudioVersion = 10.0.40219.1
Project("{FAE04EC0-301F-11D3-BF4B-00C04F79EFBC}") = "IComparable", "IComparable.csproj", "{BC4A60B7-9E7C-4AC9-B1EF-73D82F74A5AA}"
EndProject
Global
	GlobalSection(SolutionConfigurationPlatforms) = preSolution
		Debug|Any CPU = Debug|Any CPU
		Release|Any CPU = Release|Any CPU
	EndGlobalSection
	GlobalSection(ProjectConfigurationPlatforms) = postSolution
		{BC4A60B7-9E7C-4AC9-B1EF-73D82F74A5AA}.Debug|Any CPU.ActiveCfg = Debug|Any CPU
		{BC4A60B7-9E7C-4AC9-B1EF-73D82F74A5AA}.Debug|Any CPU.Build.0 = Debug|Any CPU
		{BC4A60B7-9E7C-4AC9-B1EF-73D82F74A5AA}.Release|Any CPU.ActiveCfg = Release|Any CPU
		{BC4A60B7-9E7C-4AC9-B1EF-73D82F74A5AA}.Release|Any CPU.Build.0 = Release|Any CPU
	EndGlobalSection
	GlobalSection(SolutionProperties) = preSolution
		HideSolutionNode = FALSE
	EndGlobalSection
	GlobalSection(ExtensibilityGlobals) = postSolution
		SolutionGuid = {96E094E4-2041-4C99-9779-A7589FF46A99}
	EndGlobalSection
EndGlobal
