
Microsoft Visual Studio Solution File, Format Version 12.00
# Visual Studio Version 17
VisualStudioVersion = 17.14.36221.1 d17.14
MinimumVisualStudioVersion = 10.0.40219.1
Project("{FAE04EC0-301F-11D3-BF4B-00C04F79EFBC}") = "IEnumerableIEnumerator", "IEnumerableIEnumerator.csproj", "{F5D32B79-9003-402F-BD4C-DB6422155E9C}"
EndProject
Global
	GlobalSection(SolutionConfigurationPlatforms) = preSolution
		Debug|Any CPU = Debug|Any CPU
		Release|Any CPU = Release|Any CPU
	EndGlobalSection
	GlobalSection(ProjectConfigurationPlatforms) = postSolution
		{F5D32B79-9003-402F-BD4C-DB6422155E9C}.Debug|Any CPU.ActiveCfg = Debug|Any CPU
		{F5D32B79-9003-402F-BD4C-DB6422155E9C}.Debug|Any CPU.Build.0 = Debug|Any CPU
		{F5D32B79-9003-402F-BD4C-DB6422155E9C}.Release|Any CPU.ActiveCfg = Release|Any CPU
		{F5D32B79-9003-402F-BD4C-DB6422155E9C}.Release|Any CPU.Build.0 = Release|Any CPU
	EndGlobalSection
	GlobalSection(SolutionProperties) = preSolution
		HideSolutionNode = FALSE
	EndGlobalSection
	GlobalSection(ExtensibilityGlobals) = postSolution
		SolutionGuid = {A4881BC4-3B5A-49A2-9578-7622DE479320}
	EndGlobalSection
EndGlobal
