
Microsoft Visual Studio Solution File, Format Version 12.00
# Visual Studio Version 17
VisualStudioVersion = 17.14.36221.1 d17.14
MinimumVisualStudioVersion = 10.0.40219.1
Project("{FAE04EC0-301F-11D3-BF4B-00C04F79EFBC}") = "IComparer", "IComparer.csproj", "{64CB8EA3-38EF-421A-AB00-90F355284310}"
EndProject
Global
	GlobalSection(SolutionConfigurationPlatforms) = preSolution
		Debug|Any CPU = Debug|Any CPU
		Release|Any CPU = Release|Any CPU
	EndGlobalSection
	GlobalSection(ProjectConfigurationPlatforms) = postSolution
		{64CB8EA3-38EF-421A-AB00-90F355284310}.Debug|Any CPU.ActiveCfg = Debug|Any CPU
		{64CB8EA3-38EF-421A-AB00-90F355284310}.Debug|Any CPU.Build.0 = Debug|Any CPU
		{64CB8EA3-38EF-421A-AB00-90F355284310}.Release|Any CPU.ActiveCfg = Release|Any CPU
		{64CB8EA3-38EF-421A-AB00-90F355284310}.Release|Any CPU.Build.0 = Release|Any CPU
	EndGlobalSection
	GlobalSection(SolutionProperties) = preSolution
		HideSolutionNode = FALSE
	EndGlobalSection
	GlobalSection(ExtensibilityGlobals) = postSolution
		SolutionGuid = {802778A9-4BDF-4D0D-8F19-FF36FEB85F5E}
	EndGlobalSection
EndGlobal
