
Microsoft Visual Studio Solution File, Format Version 12.00
# Visual Studio Version 17
VisualStudioVersion = 17.14.36221.1 d17.14
MinimumVisualStudioVersion = 10.0.40219.1
Project("{FAE04EC0-301F-11D3-BF4B-00C04F79EFBC}") = "Dictionary", "Dictionary.csproj", "{02C538CC-4CD5-4217-9641-5833D208DC73}"
EndProject
Global
	GlobalSection(SolutionConfigurationPlatforms) = preSolution
		Debug|Any CPU = Debug|Any CPU
		Release|Any CPU = Release|Any CPU
	EndGlobalSection
	GlobalSection(ProjectConfigurationPlatforms) = postSolution
		{02C538CC-4CD5-4217-9641-5833D208DC73}.Debug|Any CPU.ActiveCfg = Debug|Any CPU
		{02C538CC-4CD5-4217-9641-5833D208DC73}.Debug|Any CPU.Build.0 = Debug|Any CPU
		{02C538CC-4CD5-4217-9641-5833D208DC73}.Release|Any CPU.ActiveCfg = Release|Any CPU
		{02C538CC-4CD5-4217-9641-5833D208DC73}.Release|Any CPU.Build.0 = Release|Any CPU
	EndGlobalSection
	GlobalSection(SolutionProperties) = preSolution
		HideSolutionNode = FALSE
	EndGlobalSection
	GlobalSection(ExtensibilityGlobals) = postSolution
		SolutionGuid = {99958431-D1CC-4540-BA50-965B3D1C1FBB}
	EndGlobalSection
EndGlobal
