
Microsoft Visual Studio Solution File, Format Version 12.00
# Visual Studio Version 17
VisualStudioVersion = 17.14.36221.1 d17.14
MinimumVisualStudioVersion = 10.0.40219.1
Project("{FAE04EC0-301F-11D3-BF4B-00C04F79EFBC}") = "CustomCollections", "CustomCollections.csproj", "{45DA3CB7-71B9-43E5-BC87-6CD124467656}"
EndProject
Global
	GlobalSection(SolutionConfigurationPlatforms) = preSolution
		Debug|Any CPU = Debug|Any CPU
		Release|Any CPU = Release|Any CPU
	EndGlobalSection
	GlobalSection(ProjectConfigurationPlatforms) = postSolution
		{45DA3CB7-71B9-43E5-BC87-6CD124467656}.Debug|Any CPU.ActiveCfg = Debug|Any CPU
		{45DA3CB7-71B9-43E5-BC87-6CD124467656}.Debug|Any CPU.Build.0 = Debug|Any CPU
		{45DA3CB7-71B9-43E5-BC87-6CD124467656}.Release|Any CPU.ActiveCfg = Release|Any CPU
		{45DA3CB7-71B9-43E5-BC87-6CD124467656}.Release|Any CPU.Build.0 = Release|Any CPU
	EndGlobalSection
	GlobalSection(SolutionProperties) = preSolution
		HideSolutionNode = FALSE
	EndGlobalSection
	GlobalSection(ExtensibilityGlobals) = postSolution
		SolutionGuid = {294615CB-1587-4546-8BE1-4EE79B97A41E}
	EndGlobalSection
EndGlobal
