
Microsoft Visual Studio Solution File, Format Version 12.00
# Visual Studio Version 17
VisualStudioVersion = 17.14.36221.1 d17.14
MinimumVisualStudioVersion = 10.0.40219.1
Project("{FAE04EC0-301F-11D3-BF4B-00C04F79EFBC}") = "ArrayList", "ArrayList.csproj", "{23AF2871-C676-4F2B-8663-698D558D43BC}"
EndProject
Global
	GlobalSection(SolutionConfigurationPlatforms) = preSolution
		Debug|Any CPU = Debug|Any CPU
		Release|Any CPU = Release|Any CPU
	EndGlobalSection
	GlobalSection(ProjectConfigurationPlatforms) = postSolution
		{23AF2871-C676-4F2B-8663-698D558D43BC}.Debug|Any CPU.ActiveCfg = Debug|Any CPU
		{23AF2871-C676-4F2B-8663-698D558D43BC}.Debug|Any CPU.Build.0 = Debug|Any CPU
		{23AF2871-C676-4F2B-8663-698D558D43BC}.Release|Any CPU.ActiveCfg = Release|Any CPU
		{23AF2871-C676-4F2B-8663-698D558D43BC}.Release|Any CPU.Build.0 = Release|Any CPU
	EndGlobalSection
	GlobalSection(SolutionProperties) = preSolution
		HideSolutionNode = FALSE
	EndGlobalSection
	GlobalSection(ExtensibilityGlobals) = postSolution
		SolutionGuid = {EEB1DF1D-7EDA-4CC2-B804-9A4BED83BEEE}
	EndGlobalSection
EndGlobal
